{
  "version": 1,
  "dependencies": {
    "net8.0": {
      "Microsoft.CodeAnalysis.PublicApiAnalyzers": {
        "type": "Direct",
        "requested": "[5.6.0, )",
        "resolved": "5.6.0",
        "contentHash": "W4kJGezNIKLzo0Ak5FAQDFvkMf2U7DtGL4THmHyRSApfKsKt5V+eX/bU0ZLKAt/uf9Bb2o1bi0YDKj/GRB/vYQ=="
      },
      "Microsoft.Net.Compilers.Toolset": {
        "type": "Direct",
        "requested": "[4.12.0, )",
        "resolved": "4.12.0",
        "contentHash": "xXDdIgDfcbMr+2bLzVJHg+/oCHwcYs808TlooX0M9+BVCeHITaROsjdbWSJNdyzeMe/K8iB2NeHmaAOUcqkKWw=="
      },
      "Microsoft.NET.ILLink.Tasks": {
        "type": "Direct",
        "requested": "[8.0.28, )",
        "resolved": "8.0.28",
        "contentHash": "XMqgVjlLxLqWmEh3c49haXLQwsMNtvo6YscUaqfvEGfg1iA8hnYgkUVq3i9Zu9gKeNKMWiiZKVwZExc/qyEAsQ=="
      }
    }
  }
}