Microsoft Visual Studio Solution File, Format Version 12.00
# Visual Studio Version 17
VisualStudioVersion = 17.5.2.0
MinimumVisualStudioVersion = 10.0.40219.1
Project("{2150E333-8FDC-42A3-9474-1A3956D46DE8}") = "src", "src", "{70A86847-4991-4C2A-98D2-5867F326D0FB}"
EndProject
Project("{FAE04EC0-301F-11D3-BF4B-00C04F79EFBC}") = "Convergence.Framework", "src\Convergence.Framework\Convergence.Framework.csproj", "{A35A22BB-35F3-4048-8EFA-A20FB1FE3719}"
EndProject
Project("{2150E333-8FDC-42A3-9474-1A3956D46DE8}") = "samples", "samples", "{97223D16-0B3A-49BB-8FEC-BB6A647D0E61}"
EndProject
Project("{FAE04EC0-301F-11D3-BF4B-00C04F79EFBC}") = "Convergence.DemoHost", "samples\Convergence.DemoHost\Convergence.DemoHost.csproj", "{46E3ABDD-154A-480F-9109-311EEC67D65E}"
EndProject
Global
	GlobalSection(SolutionConfigurationPlatforms) = preSolution
		Debug|Any CPU = Debug|Any CPU
		Release|Any CPU = Release|Any CPU
	EndGlobalSection
	GlobalSection(ProjectConfigurationPlatforms) = postSolution
		{A35A22BB-35F3-4048-8EFA-A20FB1FE3719}.Debug|Any CPU.ActiveCfg = Debug|Any CPU
		{A35A22BB-35F3-4048-8EFA-A20FB1FE3719}.Debug|Any CPU.Build.0 = Debug|Any CPU
		{A35A22BB-35F3-4048-8EFA-A20FB1FE3719}.Release|Any CPU.ActiveCfg = Release|Any CPU
		{A35A22BB-35F3-4048-8EFA-A20FB1FE3719}.Release|Any CPU.Build.0 = Release|Any CPU
		{46E3ABDD-154A-480F-9109-311EEC67D65E}.Debug|Any CPU.ActiveCfg = Debug|Any CPU
		{46E3ABDD-154A-480F-9109-311EEC67D65E}.Debug|Any CPU.Build.0 = Debug|Any CPU
		{46E3ABDD-154A-480F-9109-311EEC67D65E}.Release|Any CPU.ActiveCfg = Release|Any CPU
		{46E3ABDD-154A-480F-9109-311EEC67D65E}.Release|Any CPU.Build.0 = Release|Any CPU
	EndGlobalSection
	GlobalSection(SolutionProperties) = preSolution
		HideSolutionNode = FALSE
	EndGlobalSection
	GlobalSection(NestedProjects) = preSolution
		{A35A22BB-35F3-4048-8EFA-A20FB1FE3719} = {70A86847-4991-4C2A-98D2-5867F326D0FB}
		{46E3ABDD-154A-480F-9109-311EEC67D65E} = {97223D16-0B3A-49BB-8FEC-BB6A647D0E61}
	EndGlobalSection
	GlobalSection(ExtensibilityGlobals) = postSolution
		SolutionGuid = {BFAD5D8A-CA89-4DE9-9C50-2AF4D421B73C}
	EndGlobalSection
EndGlobal
