Microsoft Visual Studio Solution File, Format Version 12.00
# Visual Studio Version 17
VisualStudioVersion = 17.5.2.0
MinimumVisualStudioVersion = 10.0.40219.1
Project("{FAE04EC0-301F-11D3-BF4B-00C04F79EFBC}") = "JRPG", "JRPG.csproj", "{523FF8EA-AD98-B7D5-EA54-C11A07B6ED99}"
EndProject
Global
	GlobalSection(SolutionConfigurationPlatforms) = preSolution
		Debug|Any CPU = Debug|Any CPU
		Release|Any CPU = Release|Any CPU
	EndGlobalSection
	GlobalSection(ProjectConfigurationPlatforms) = postSolution
		{523FF8EA-AD98-B7D5-EA54-C11A07B6ED99}.Debug|Any CPU.ActiveCfg = Debug|Any CPU
		{523FF8EA-AD98-B7D5-EA54-C11A07B6ED99}.Debug|Any CPU.Build.0 = Debug|Any CPU
		{523FF8EA-AD98-B7D5-EA54-C11A07B6ED99}.Release|Any CPU.ActiveCfg = Release|Any CPU
		{523FF8EA-AD98-B7D5-EA54-C11A07B6ED99}.Release|Any CPU.Build.0 = Release|Any CPU
	EndGlobalSection
	GlobalSection(SolutionProperties) = preSolution
		HideSolutionNode = FALSE
	EndGlobalSection
	GlobalSection(ExtensibilityGlobals) = postSolution
		SolutionGuid = {78B2CEDF-0DCB-4CBF-99D6-E1E99D0EBFAE}
	EndGlobalSection
EndGlobal
